
Microsoft Visual Studio Solution File, Format Version 12.00
# Visual Studio Version 17
VisualStudioVersion = 17.1.32210.238
MinimumVisualStudioVersion = 10.0.40219.1
Project("{FAE04EC0-301F-11D3-BF4B-00C04F79EFBC}") = "EvolentProject.WebAPI", "EvolentProject.WebAPI.csproj", "{6E8208F3-F7B3-4D22-B4C8-01C3F4292E11}"
EndProject
Project("{FAE04EC0-301F-11D3-BF4B-00C04F79EFBC}") = "Evolent.ServiceLayer", "..\Evolent.ServiceLayer\Evolent.ServiceLayer.csproj", "{915315FD-E749-4C1D-9D24-87382DFB9F64}"
EndProject
Project("{FAE04EC0-301F-11D3-BF4B-00C04F79EFBC}") = "Evolent.RepositoryLayer", "..\Evolent.RepositoryLayer\Evolent.RepositoryLayer.csproj", "{0AB2C4FD-8689-4686-9DCC-7B2398385698}"
EndProject
Project("{FAE04EC0-301F-11D3-BF4B-00C04F79EFBC}") = "Evolent.DomainLayer", "..\Evolent.DomainLayer\Evolent.DomainLayer.csproj", "{70898886-0D74-4685-BFAC-27BFDFABAA2A}"
EndProject
Global
	GlobalSection(SolutionConfigurationPlatforms) = preSolution
		Debug|Any CPU = Debug|Any CPU
		Release|Any CPU = Release|Any CPU
	EndGlobalSection
	GlobalSection(ProjectConfigurationPlatforms) = postSolution
		{6E8208F3-F7B3-4D22-B4C8-01C3F4292E11}.Debug|Any CPU.ActiveCfg = Debug|Any CPU
		{6E8208F3-F7B3-4D22-B4C8-01C3F4292E11}.Debug|Any CPU.Build.0 = Debug|Any CPU
		{6E8208F3-F7B3-4D22-B4C8-01C3F4292E11}.Release|Any CPU.ActiveCfg = Release|Any CPU
		{6E8208F3-F7B3-4D22-B4C8-01C3F4292E11}.Release|Any CPU.Build.0 = Release|Any CPU
		{915315FD-E749-4C1D-9D24-87382DFB9F64}.Debug|Any CPU.ActiveCfg = Debug|Any CPU
		{915315FD-E749-4C1D-9D24-87382DFB9F64}.Debug|Any CPU.Build.0 = Debug|Any CPU
		{915315FD-E749-4C1D-9D24-87382DFB9F64}.Release|Any CPU.ActiveCfg = Release|Any CPU
		{915315FD-E749-4C1D-9D24-87382DFB9F64}.Release|Any CPU.Build.0 = Release|Any CPU
		{0AB2C4FD-8689-4686-9DCC-7B2398385698}.Debug|Any CPU.ActiveCfg = Debug|Any CPU
		{0AB2C4FD-8689-4686-9DCC-7B2398385698}.Debug|Any CPU.Build.0 = Debug|Any CPU
		{0AB2C4FD-8689-4686-9DCC-7B2398385698}.Release|Any CPU.ActiveCfg = Release|Any CPU
		{0AB2C4FD-8689-4686-9DCC-7B2398385698}.Release|Any CPU.Build.0 = Release|Any CPU
		{70898886-0D74-4685-BFAC-27BFDFABAA2A}.Debug|Any CPU.ActiveCfg = Debug|Any CPU
		{70898886-0D74-4685-BFAC-27BFDFABAA2A}.Debug|Any CPU.Build.0 = Debug|Any CPU
		{70898886-0D74-4685-BFAC-27BFDFABAA2A}.Release|Any CPU.ActiveCfg = Release|Any CPU
		{70898886-0D74-4685-BFAC-27BFDFABAA2A}.Release|Any CPU.Build.0 = Release|Any CPU
	EndGlobalSection
	GlobalSection(SolutionProperties) = preSolution
		HideSolutionNode = FALSE
	EndGlobalSection
	GlobalSection(ExtensibilityGlobals) = postSolution
		SolutionGuid = {7BE96F2B-5988-44F0-999A-CC70E0508E6E}
	EndGlobalSection
EndGlobal
